
Microsoft Visual Studio Solution File, Format Version 12.00
# Visual Studio Version 17
VisualStudioVersion = 17.0.31903.59
MinimumVisualStudioVersion = 10.0.40219.1
Project("{2150E333-8FDC-42A3-9474-1A3956D46DE8}") = "src", "src", "{827E0CD3-B72D-47B6-A68D-7590B98EB39B}"
EndProject
Project("{FAE04EC0-301F-11D3-BF4B-00C04F79EFBC}") = "Sentinel.Core", "src\Sentinel.Core\Sentinel.Core.csproj", "{FC400F05-B653-42C7-870D-30C5F1A3A358}"
EndProject
Project("{FAE04EC0-301F-11D3-BF4B-00C04F79EFBC}") = "Sentinel.Ingestion", "src\Sentinel.Ingestion\Sentinel.Ingestion.csproj", "{D1E1973E-E2B7-4C8F-B681-0EE03BE4366C}"
EndProject
Project("{FAE04EC0-301F-11D3-BF4B-00C04F79EFBC}") = "Sentinel.Analysis", "src\Sentinel.Analysis\Sentinel.Analysis.csproj", "{C3CA2F2B-81CA-4883-8919-0CA6FA766E88}"
EndProject
Project("{FAE04EC0-301F-11D3-BF4B-00C04F79EFBC}") = "Sentinel.Remediation", "src\Sentinel.Remediation\Sentinel.Remediation.csproj", "{A4A8F897-E531-4036-BACD-525D2302DD99}"
EndProject
Project("{FAE04EC0-301F-11D3-BF4B-00C04F79EFBC}") = "Sentinel.Api", "src\Sentinel.Api\Sentinel.Api.csproj", "{A88F715D-5716-4EEB-9E99-51CC4A98F562}"
EndProject
Global
	GlobalSection(SolutionConfigurationPlatforms) = preSolution
		Debug|Any CPU = Debug|Any CPU
		Debug|x64 = Debug|x64
		Debug|x86 = Debug|x86
		Release|Any CPU = Release|Any CPU
		Release|x64 = Release|x64
		Release|x86 = Release|x86
	EndGlobalSection
	GlobalSection(ProjectConfigurationPlatforms) = postSolution
		{FC400F05-B653-42C7-870D-30C5F1A3A358}.Debug|Any CPU.ActiveCfg = Debug|Any CPU
		{FC400F05-B653-42C7-870D-30C5F1A3A358}.Debug|Any CPU.Build.0 = Debug|Any CPU
		{FC400F05-B653-42C7-870D-30C5F1A3A358}.Debug|x64.ActiveCfg = Debug|Any CPU
		{FC400F05-B653-42C7-870D-30C5F1A3A358}.Debug|x64.Build.0 = Debug|Any CPU
		{FC400F05-B653-42C7-870D-30C5F1A3A358}.Debug|x86.ActiveCfg = Debug|Any CPU
		{FC400F05-B653-42C7-870D-30C5F1A3A358}.Debug|x86.Build.0 = Debug|Any CPU
		{FC400F05-B653-42C7-870D-30C5F1A3A358}.Release|Any CPU.ActiveCfg = Release|Any CPU
		{FC400F05-B653-42C7-870D-30C5F1A3A358}.Release|Any CPU.Build.0 = Release|Any CPU
		{FC400F05-B653-42C7-870D-30C5F1A3A358}.Release|x64.ActiveCfg = Release|Any CPU
		{FC400F05-B653-42C7-870D-30C5F1A3A358}.Release|x64.Build.0 = Release|Any CPU
		{FC400F05-B653-42C7-870D-30C5F1A3A358}.Release|x86.ActiveCfg = Release|Any CPU
		{FC400F05-B653-42C7-870D-30C5F1A3A358}.Release|x86.Build.0 = Release|Any CPU
		{D1E1973E-E2B7-4C8F-B681-0EE03BE4366C}.Debug|Any CPU.ActiveCfg = Debug|Any CPU
		{D1E1973E-E2B7-4C8F-B681-0EE03BE4366C}.Debug|Any CPU.Build.0 = Debug|Any CPU
		{D1E1973E-E2B7-4C8F-B681-0EE03BE4366C}.Debug|x64.ActiveCfg = Debug|Any CPU
		{D1E1973E-E2B7-4C8F-B681-0EE03BE4366C}.Debug|x64.Build.0 = Debug|Any CPU
		{D1E1973E-E2B7-4C8F-B681-0EE03BE4366C}.Debug|x86.ActiveCfg = Debug|Any CPU
		{D1E1973E-E2B7-4C8F-B681-0EE03BE4366C}.Debug|x86.Build.0 = Debug|Any CPU
		{D1E1973E-E2B7-4C8F-B681-0EE03BE4366C}.Release|Any CPU.ActiveCfg = Release|Any CPU
		{D1E1973E-E2B7-4C8F-B681-0EE03BE4366C}.Release|Any CPU.Build.0 = Release|Any CPU
		{D1E1973E-E2B7-4C8F-B681-0EE03BE4366C}.Release|x64.ActiveCfg = Release|Any CPU
		{D1E1973E-E2B7-4C8F-B681-0EE03BE4366C}.Release|x64.Build.0 = Release|Any CPU
		{D1E1973E-E2B7-4C8F-B681-0EE03BE4366C}.Release|x86.ActiveCfg = Release|Any CPU
		{D1E1973E-E2B7-4C8F-B681-0EE03BE4366C}.Release|x86.Build.0 = Release|Any CPU
		{C3CA2F2B-81CA-4883-8919-0CA6FA766E88}.Debug|Any CPU.ActiveCfg = Debug|Any CPU
		{C3CA2F2B-81CA-4883-8919-0CA6FA766E88}.Debug|Any CPU.Build.0 = Debug|Any CPU
		{C3CA2F2B-81CA-4883-8919-0CA6FA766E88}.Debug|x64.ActiveCfg = Debug|Any CPU
		{C3CA2F2B-81CA-4883-8919-0CA6FA766E88}.Debug|x64.Build.0 = Debug|Any CPU
		{C3CA2F2B-81CA-4883-8919-0CA6FA766E88}.Debug|x86.ActiveCfg = Debug|Any CPU
		{C3CA2F2B-81CA-4883-8919-0CA6FA766E88}.Debug|x86.Build.0 = Debug|Any CPU
		{C3CA2F2B-81CA-4883-8919-0CA6FA766E88}.Release|Any CPU.ActiveCfg = Release|Any CPU
		{C3CA2F2B-81CA-4883-8919-0CA6FA766E88}.Release|Any CPU.Build.0 = Release|Any CPU
		{C3CA2F2B-81CA-4883-8919-0CA6FA766E88}.Release|x64.ActiveCfg = Release|Any CPU
		{C3CA2F2B-81CA-4883-8919-0CA6FA766E88}.Release|x64.Build.0 = Release|Any CPU
		{C3CA2F2B-81CA-4883-8919-0CA6FA766E88}.Release|x86.ActiveCfg = Release|Any CPU
		{C3CA2F2B-81CA-4883-8919-0CA6FA766E88}.Release|x86.Build.0 = Release|Any CPU
		{A4A8F897-E531-4036-BACD-525D2302DD99}.Debug|Any CPU.ActiveCfg = Debug|Any CPU
		{A4A8F897-E531-4036-BACD-525D2302DD99}.Debug|Any CPU.Build.0 = Debug|Any CPU
		{A4A8F897-E531-4036-BACD-525D2302DD99}.Debug|x64.ActiveCfg = Debug|Any CPU
		{A4A8F897-E531-4036-BACD-525D2302DD99}.Debug|x64.Build.0 = Debug|Any CPU
		{A4A8F897-E531-4036-BACD-525D2302DD99}.Debug|x86.ActiveCfg = Debug|Any CPU
		{A4A8F897-E531-4036-BACD-525D2302DD99}.Debug|x86.Build.0 = Debug|Any CPU
		{A4A8F897-E531-4036-BACD-525D2302DD99}.Release|Any CPU.ActiveCfg = Release|Any CPU
		{A4A8F897-E531-4036-BACD-525D2302DD99}.Release|Any CPU.Build.0 = Release|Any CPU
		{A4A8F897-E531-4036-BACD-525D2302DD99}.Release|x64.ActiveCfg = Release|Any CPU
		{A4A8F897-E531-4036-BACD-525D2302DD99}.Release|x64.Build.0 = Release|Any CPU
		{A4A8F897-E531-4036-BACD-525D2302DD99}.Release|x86.ActiveCfg = Release|Any CPU
		{A4A8F897-E531-4036-BACD-525D2302DD99}.Release|x86.Build.0 = Release|Any CPU
		{A88F715D-5716-4EEB-9E99-51CC4A98F562}.Debug|Any CPU.ActiveCfg = Debug|Any CPU
		{A88F715D-5716-4EEB-9E99-51CC4A98F562}.Debug|Any CPU.Build.0 = Debug|Any CPU
		{A88F715D-5716-4EEB-9E99-51CC4A98F562}.Debug|x64.ActiveCfg = Debug|Any CPU
		{A88F715D-5716-4EEB-9E99-51CC4A98F562}.Debug|x64.Build.0 = Debug|Any CPU
		{A88F715D-5716-4EEB-9E99-51CC4A98F562}.Debug|x86.ActiveCfg = Debug|Any CPU
		{A88F715D-5716-4EEB-9E99-51CC4A98F562}.Debug|x86.Build.0 = Debug|Any CPU
		{A88F715D-5716-4EEB-9E99-51CC4A98F562}.Release|Any CPU.ActiveCfg = Release|Any CPU
		{A88F715D-5716-4EEB-9E99-51CC4A98F562}.Release|Any CPU.Build.0 = Release|Any CPU
		{A88F715D-5716-4EEB-9E99-51CC4A98F562}.Release|x64.ActiveCfg = Release|Any CPU
		{A88F715D-5716-4EEB-9E99-51CC4A98F562}.Release|x64.Build.0 = Release|Any CPU
		{A88F715D-5716-4EEB-9E99-51CC4A98F562}.Release|x86.ActiveCfg = Release|Any CPU
		{A88F715D-5716-4EEB-9E99-51CC4A98F562}.Release|x86.Build.0 = Release|Any CPU
	EndGlobalSection
	GlobalSection(SolutionProperties) = preSolution
		HideSolutionNode = FALSE
	EndGlobalSection
	GlobalSection(NestedProjects) = preSolution
		{FC400F05-B653-42C7-870D-30C5F1A3A358} = {827E0CD3-B72D-47B6-A68D-7590B98EB39B}
		{D1E1973E-E2B7-4C8F-B681-0EE03BE4366C} = {827E0CD3-B72D-47B6-A68D-7590B98EB39B}
		{C3CA2F2B-81CA-4883-8919-0CA6FA766E88} = {827E0CD3-B72D-47B6-A68D-7590B98EB39B}
		{A4A8F897-E531-4036-BACD-525D2302DD99} = {827E0CD3-B72D-47B6-A68D-7590B98EB39B}
		{A88F715D-5716-4EEB-9E99-51CC4A98F562} = {827E0CD3-B72D-47B6-A68D-7590B98EB39B}
	EndGlobalSection
EndGlobal
